// !$*UTF8*$!
{
	archiveVersion = 1;
	classes = {
	};
	objectVersion = 55;
	objects = {

/* Begin PBXBuildFile section */
		BD7E2F4D26760C5E008D6B1A /* ShazamCustomApp.swift in Sources */ = {isa = PBXBuildFile; fileRef = BD7E2F4C26760C5E008D6B1A /* ShazamCustomApp.swift */; };
		BD7E2F4F26760C5E008D6B1A /* ContentView.swift in Sources */ = {isa = PBXBuildFile; fileRef = BD7E2F4E26760C5E008D6B1A /* ContentView.swift */; };
		BD7E2F5126760C60008D6B1A /* Assets.xcassets in Resources */ = {isa = PBXBuildFile; fileRef = BD7E2F5026760C60008D6B1A /* Assets.xcassets */; };
		BD7E2F5426760C60008D6B1A /* Preview Assets.xcassets in Resources */ = {isa = PBXBuildFile; fileRef = BD7E2F5326760C60008D6B1A /* Preview Assets.xcassets */; };
		BD7E2F5D26760D56008D6B1A /* CatalogProvider.swift in Sources */ = {isa = PBXBuildFile; fileRef = BD7E2F5C26760D56008D6B1A /* CatalogProvider.swift */; };
		BD7E2F5F26760D72008D6B1A /* Matcher.swift in Sources */ = {isa = PBXBuildFile; fileRef = BD7E2F5E26760D72008D6B1A /* Matcher.swift */; };
		BD7E2F6126760D89008D6B1A /* Songs.swift in Sources */ = {isa = PBXBuildFile; fileRef = BD7E2F6026760D89008D6B1A /* Songs.swift */; };
		BD7E2F6426760DBF008D6B1A /* Colors.swift in Sources */ = {isa = PBXBuildFile; fileRef = BD7E2F6326760DBF008D6B1A /* Colors.swift */; };
		BD7E2F6626760DD9008D6B1A /* MatchImages.swift in Sources */ = {isa = PBXBuildFile; fileRef = BD7E2F6526760DD9008D6B1A /* MatchImages.swift */; };
		BD7E2F6926760E0B008D6B1A /* CardView.swift in Sources */ = {isa = PBXBuildFile; fileRef = BD7E2F6826760E0B008D6B1A /* CardView.swift */; };
		BD7E2F6B26760E25008D6B1A /* BlurView.swift in Sources */ = {isa = PBXBuildFile; fileRef = BD7E2F6A26760E25008D6B1A /* BlurView.swift */; };
		BD7E2F6D26760E40008D6B1A /* SongsListView.swift in Sources */ = {isa = PBXBuildFile; fileRef = BD7E2F6C26760E40008D6B1A /* SongsListView.swift */; };
		BD7E2F7926775961008D6B1A /* MathMediaItemProperties.swift in Sources */ = {isa = PBXBuildFile; fileRef = BD7E2F7826775961008D6B1A /* MathMediaItemProperties.swift */; };
		BD951E4A2678154B00BC06FA /* 风居住的街道.shazamsignature in Resources */ = {isa = PBXBuildFile; fileRef = BD951E442678154A00BC06FA /* 风居住的街道.shazamsignature */; };
		BD951E4C2678154B00BC06FA /* Windy Hill.shazamsignature in Resources */ = {isa = PBXBuildFile; fileRef = BD951E462678154B00BC06FA /* Windy Hill.shazamsignature */; };
		BD951E4D2678154B00BC06FA /* Flower Dance.shazamsignature in Resources */ = {isa = PBXBuildFile; fileRef = BD951E472678154B00BC06FA /* Flower Dance.shazamsignature */; };
		BD951E4E2678154B00BC06FA /* 学校不允许乱壁咚^.^.shazamsignature in Resources */ = {isa = PBXBuildFile; fileRef = BD951E482678154B00BC06FA /* 学校不允许乱壁咚^.^.shazamsignature */; };
		BD951E4F2678154B00BC06FA /* 起风了.shazamsignature in Resources */ = {isa = PBXBuildFile; fileRef = BD951E492678154B00BC06FA /* 起风了.shazamsignature */; };
		BD951E532678792C00BC06FA /* 若能绽放光芒.shazamsignature in Resources */ = {isa = PBXBuildFile; fileRef = BD951E522678792B00BC06FA /* 若能绽放光芒.shazamsignature */; };
		BDE49A9E2678956F0017BA1D /* Example.mov in Resources */ = {isa = PBXBuildFile; fileRef = BDE49A9D2678956F0017BA1D /* Example.mov */; };
		BDE49AA0267897040017BA1D /* Example.jpeg in Resources */ = {isa = PBXBuildFile; fileRef = BDE49A9F267897040017BA1D /* Example.jpeg */; };
/* End PBXBuildFile section */

/* Begin PBXFileReference section */
		BD7E2F4926760C5E008D6B1A /* ShazamCustom.app */ = {isa = PBXFileReference; explicitFileType = wrapper.application; includeInIndex = 0; path = ShazamCustom.app; sourceTree = BUILT_PRODUCTS_DIR; };
		BD7E2F4C26760C5E008D6B1A /* ShazamCustomApp.swift */ = {isa = PBXFileReference; lastKnownFileType = sourcecode.swift; path = ShazamCustomApp.swift; sourceTree = "<group>"; };
		BD7E2F4E26760C5E008D6B1A /* ContentView.swift */ = {isa = PBXFileReference; lastKnownFileType = sourcecode.swift; path = ContentView.swift; sourceTree = "<group>"; };
		BD7E2F5026760C60008D6B1A /* Assets.xcassets */ = {isa = PBXFileReference; lastKnownFileType = folder.assetcatalog; path = Assets.xcassets; sourceTree = "<group>"; };
		BD7E2F5326760C60008D6B1A /* Preview Assets.xcassets */ = {isa = PBXFileReference; lastKnownFileType = folder.assetcatalog; path = "Preview Assets.xcassets"; sourceTree = "<group>"; };
		BD7E2F5A26760C86008D6B1A /* Info.plist */ = {isa = PBXFileReference; lastKnownFileType = text.plist; path = Info.plist; sourceTree = "<group>"; };
		BD7E2F5C26760D56008D6B1A /* CatalogProvider.swift */ = {isa = PBXFileReference; lastKnownFileType = sourcecode.swift; path = CatalogProvider.swift; sourceTree = "<group>"; };
		BD7E2F5E26760D72008D6B1A /* Matcher.swift */ = {isa = PBXFileReference; lastKnownFileType = sourcecode.swift; path = Matcher.swift; sourceTree = "<group>"; };
		BD7E2F6026760D89008D6B1A /* Songs.swift */ = {isa = PBXFileReference; lastKnownFileType = sourcecode.swift; path = Songs.swift; sourceTree = "<group>"; };
		BD7E2F6326760DBF008D6B1A /* Colors.swift */ = {isa = PBXFileReference; lastKnownFileType = sourcecode.swift; path = Colors.swift; sourceTree = "<group>"; };
		BD7E2F6526760DD9008D6B1A /* MatchImages.swift */ = {isa = PBXFileReference; lastKnownFileType = sourcecode.swift; path = MatchImages.swift; sourceTree = "<group>"; };
		BD7E2F6826760E0B008D6B1A /* CardView.swift */ = {isa = PBXFileReference; lastKnownFileType = sourcecode.swift; path = CardView.swift; sourceTree = "<group>"; };
		BD7E2F6A26760E25008D6B1A /* BlurView.swift */ = {isa = PBXFileReference; lastKnownFileType = sourcecode.swift; path = BlurView.swift; sourceTree = "<group>"; };
		BD7E2F6C26760E40008D6B1A /* SongsListView.swift */ = {isa = PBXFileReference; lastKnownFileType = sourcecode.swift; path = SongsListView.swift; sourceTree = "<group>"; };
		BD7E2F7826775961008D6B1A /* MathMediaItemProperties.swift */ = {isa = PBXFileReference; lastKnownFileType = sourcecode.swift; path = MathMediaItemProperties.swift; sourceTree = "<group>"; };
		BD951E442678154A00BC06FA /* 风居住的街道.shazamsignature */ = {isa = PBXFileReference; lastKnownFileType = file; path = "风居住的街道.shazamsignature"; sourceTree = "<group>"; };
		BD951E462678154B00BC06FA /* Windy Hill.shazamsignature */ = {isa = PBXFileReference; lastKnownFileType = file; path = "Windy Hill.shazamsignature"; sourceTree = "<group>"; };
		BD951E472678154B00BC06FA /* Flower Dance.shazamsignature */ = {isa = PBXFileReference; lastKnownFileType = file; path = "Flower Dance.shazamsignature"; sourceTree = "<group>"; };
		BD951E482678154B00BC06FA /* 学校不允许乱壁咚^.^.shazamsignature */ = {isa = PBXFileReference; lastKnownFileType = file; path = "学校不允许乱壁咚^.^.shazamsignature"; sourceTree = "<group>"; };
		BD951E492678154B00BC06FA /* 起风了.shazamsignature */ = {isa = PBXFileReference; lastKnownFileType = file; path = "起风了.shazamsignature"; sourceTree = "<group>"; };
		BD951E522678792B00BC06FA /* 若能绽放光芒.shazamsignature */ = {isa = PBXFileReference; lastKnownFileType = file; path = "若能绽放光芒.shazamsignature"; sourceTree = "<group>"; };
		BDE49A9D2678956F0017BA1D /* Example.mov */ = {isa = PBXFileReference; lastKnownFileType = video.quicktime; path = Example.mov; sourceTree = "<group>"; };
		BDE49A9F267897040017BA1D /* Example.jpeg */ = {isa = PBXFileReference; lastKnownFileType = image.jpeg; path = Example.jpeg; sourceTree = "<group>"; };
/* End PBXFileReference section */

/* Begin PBXFrameworksBuildPhase section */
		BD7E2F4626760C5E008D6B1A /* Frameworks */ = {
			isa = PBXFrameworksBuildPhase;
			buildActionMask = 2147483647;
			files = (
			);
			runOnlyForDeploymentPostprocessing = 0;
		};
/* End PBXFrameworksBuildPhase section */

/* Begin PBXGroup section */
		BD7E2F4026760C5E008D6B1A = {
			isa = PBXGroup;
			children = (
				BD7E2F4B26760C5E008D6B1A /* ShazamCustom */,
				BD7E2F4A26760C5E008D6B1A /* Products */,
			);
			sourceTree = "<group>";
		};
		BD7E2F4A26760C5E008D6B1A /* Products */ = {
			isa = PBXGroup;
			children = (
				BD7E2F4926760C5E008D6B1A /* ShazamCustom.app */,
			);
			name = Products;
			sourceTree = "<group>";
		};
		BD7E2F4B26760C5E008D6B1A /* ShazamCustom */ = {
			isa = PBXGroup;
			children = (
				BD7E2F5A26760C86008D6B1A /* Info.plist */,
				BD7E2F4C26760C5E008D6B1A /* ShazamCustomApp.swift */,
				BD7E2F4E26760C5E008D6B1A /* ContentView.swift */,
				BD7E2F5026760C60008D6B1A /* Assets.xcassets */,
				BD7E2F5B26760D3C008D6B1A /* Data */,
				BD7E2F6226760D9B008D6B1A /* Extensions */,
				BD7E2F7A267759B7008D6B1A /* Resources */,
				BD7E2F6726760DF4008D6B1A /* Views */,
				BDE49A9C267895540017BA1D /* Video */,
				BD7E2F5226760C60008D6B1A /* Preview Content */,
			);
			path = ShazamCustom;
			sourceTree = "<group>";
		};
		BD7E2F5226760C60008D6B1A /* Preview Content */ = {
			isa = PBXGroup;
			children = (
				BD7E2F5326760C60008D6B1A /* Preview Assets.xcassets */,
			);
			path = "Preview Content";
			sourceTree = "<group>";
		};
		BD7E2F5B26760D3C008D6B1A /* Data */ = {
			isa = PBXGroup;
			children = (
				BD7E2F5C26760D56008D6B1A /* CatalogProvider.swift */,
				BD7E2F5E26760D72008D6B1A /* Matcher.swift */,
				BD7E2F6026760D89008D6B1A /* Songs.swift */,
			);
			path = Data;
			sourceTree = "<group>";
		};
		BD7E2F6226760D9B008D6B1A /* Extensions */ = {
			isa = PBXGroup;
			children = (
				BD7E2F6326760DBF008D6B1A /* Colors.swift */,
				BD7E2F6526760DD9008D6B1A /* MatchImages.swift */,
				BD7E2F7826775961008D6B1A /* MathMediaItemProperties.swift */,
			);
			path = Extensions;
			sourceTree = "<group>";
		};
		BD7E2F6726760DF4008D6B1A /* Views */ = {
			isa = PBXGroup;
			children = (
				BD7E2F6826760E0B008D6B1A /* CardView.swift */,
				BD7E2F6A26760E25008D6B1A /* BlurView.swift */,
				BD7E2F6C26760E40008D6B1A /* SongsListView.swift */,
			);
			path = Views;
			sourceTree = "<group>";
		};
		BD7E2F7A267759B7008D6B1A /* Resources */ = {
			isa = PBXGroup;
			children = (
				BD951E522678792B00BC06FA /* 若能绽放光芒.shazamsignature */,
				BD951E472678154B00BC06FA /* Flower Dance.shazamsignature */,
				BD951E462678154B00BC06FA /* Windy Hill.shazamsignature */,
				BD951E482678154B00BC06FA /* 学校不允许乱壁咚^.^.shazamsignature */,
				BD951E492678154B00BC06FA /* 起风了.shazamsignature */,
				BD951E442678154A00BC06FA /* 风居住的街道.shazamsignature */,
			);
			path = Resources;
			sourceTree = "<group>";
		};
		BDE49A9C267895540017BA1D /* Video */ = {
			isa = PBXGroup;
			children = (
				BDE49A9F267897040017BA1D /* Example.jpeg */,
				BDE49A9D2678956F0017BA1D /* Example.mov */,
			);
			path = Video;
			sourceTree = "<group>";
		};
/* End PBXGroup section */

/* Begin PBXNativeTarget section */
		BD7E2F4826760C5E008D6B1A /* ShazamCustom */ = {
			isa = PBXNativeTarget;
			buildConfigurationList = BD7E2F5726760C60008D6B1A /* Build configuration list for PBXNativeTarget "ShazamCustom" */;
			buildPhases = (
				BD7E2F4526760C5E008D6B1A /* Sources */,
				BD7E2F4626760C5E008D6B1A /* Frameworks */,
				BD7E2F4726760C5E008D6B1A /* Resources */,
			);
			buildRules = (
			);
			dependencies = (
			);
			name = ShazamCustom;
			productName = ShazamCustom;
			productReference = BD7E2F4926760C5E008D6B1A /* ShazamCustom.app */;
			productType = "com.apple.product-type.application";
		};
/* End PBXNativeTarget section */

/* Begin PBXProject section */
		BD7E2F4126760C5E008D6B1A /* Project object */ = {
			isa = PBXProject;
			attributes = {
				BuildIndependentTargetsInParallel = 1;
				LastSwiftUpdateCheck = 1300;
				LastUpgradeCheck = 1300;
				TargetAttributes = {
					BD7E2F4826760C5E008D6B1A = {
						CreatedOnToolsVersion = 13.0;
					};
				};
			};
			buildConfigurationList = BD7E2F4426760C5E008D6B1A /* Build configuration list for PBXProject "ShazamCustom" */;
			compatibilityVersion = "Xcode 13.0";
			developmentRegion = en;
			hasScannedForEncodings = 0;
			knownRegions = (
				en,
				Base,
			);
			mainGroup = BD7E2F4026760C5E008D6B1A;
			productRefGroup = BD7E2F4A26760C5E008D6B1A /* Products */;
			projectDirPath = "";
			projectRoot = "";
			targets = (
				BD7E2F4826760C5E008D6B1A /* ShazamCustom */,
			);
		};
/* End PBXProject section */

/* Begin PBXResourcesBuildPhase section */
		BD7E2F4726760C5E008D6B1A /* Resources */ = {
			isa = PBXResourcesBuildPhase;
			buildActionMask = 2147483647;
			files = (
				BD951E4E2678154B00BC06FA /* 学校不允许乱壁咚^.^.shazamsignature in Resources */,
				BD951E532678792C00BC06FA /* 若能绽放光芒.shazamsignature in Resources */,
				BD951E4D2678154B00BC06FA /* Flower Dance.shazamsignature in Resources */,
				BDE49A9E2678956F0017BA1D /* Example.mov in Resources */,
				BD951E4F2678154B00BC06FA /* 起风了.shazamsignature in Resources */,
				BD7E2F5426760C60008D6B1A /* Preview Assets.xcassets in Resources */,
				BD951E4A2678154B00BC06FA /* 风居住的街道.shazamsignature in Resources */,
				BDE49AA0267897040017BA1D /* Example.jpeg in Resources */,
				BD7E2F5126760C60008D6B1A /* Assets.xcassets in Resources */,
				BD951E4C2678154B00BC06FA /* Windy Hill.shazamsignature in Resources */,
			);
			runOnlyForDeploymentPostprocessing = 0;
		};
/* End PBXResourcesBuildPhase section */

/* Begin PBXSourcesBuildPhase section */
		BD7E2F4526760C5E008D6B1A /* Sources */ = {
			isa = PBXSourcesBuildPhase;
			buildActionMask = 2147483647;
			files = (
				BD7E2F6126760D89008D6B1A /* Songs.swift in Sources */,
				BD7E2F6426760DBF008D6B1A /* Colors.swift in Sources */,
				BD7E2F5F26760D72008D6B1A /* Matcher.swift in Sources */,
				BD7E2F4F26760C5E008D6B1A /* ContentView.swift in Sources */,
				BD7E2F4D26760C5E008D6B1A /* ShazamCustomApp.swift in Sources */,
				BD7E2F6B26760E25008D6B1A /* BlurView.swift in Sources */,
				BD7E2F6626760DD9008D6B1A /* MatchImages.swift in Sources */,
				BD7E2F6D26760E40008D6B1A /* SongsListView.swift in Sources */,
				BD7E2F6926760E0B008D6B1A /* CardView.swift in Sources */,
				BD7E2F7926775961008D6B1A /* MathMediaItemProperties.swift in Sources */,
				BD7E2F5D26760D56008D6B1A /* CatalogProvider.swift in Sources */,
			);
			runOnlyForDeploymentPostprocessing = 0;
		};
/* End PBXSourcesBuildPhase section */

/* Begin XCBuildConfiguration section */
		BD7E2F5526760C60008D6B1A /* Debug */ = {
			isa = XCBuildConfiguration;
			buildSettings = {
				ALWAYS_SEARCH_USER_PATHS = NO;
				CLANG_ANALYZER_NONNULL = YES;
				CLANG_ANALYZER_NUMBER_OBJECT_CONVERSION = YES_AGGRESSIVE;
				CLANG_CXX_LANGUAGE_STANDARD = "gnu++14";
				CLANG_CXX_LIBRARY = "libc++";
				CLANG_ENABLE_MODULES = YES;
				CLANG_ENABLE_OBJC_ARC = YES;
				CLANG_ENABLE_OBJC_WEAK = YES;
				CLANG_WARN_BLOCK_CAPTURE_AUTORELEASING = YES;
				CLANG_WARN_BOOL_CONVERSION = YES;
				CLANG_WARN_COMMA = YES;
				CLANG_WARN_CONSTANT_CONVERSION = YES;
				CLANG_WARN_DEPRECATED_OBJC_IMPLEMENTATIONS = YES;
				CLANG_WARN_DIRECT_OBJC_ISA_USAGE = YES_ERROR;
				CLANG_WARN_DOCUMENTATION_COMMENTS = YES;
				CLANG_WARN_EMPTY_BODY = YES;
				CLANG_WARN_ENUM_CONVERSION = YES;
				CLANG_WARN_INFINITE_RECURSION = YES;
				CLANG_WARN_INT_CONVERSION = YES;
				CLANG_WARN_NON_LITERAL_NULL_CONVERSION = YES;
				CLANG_WARN_OBJC_IMPLICIT_RETAIN_SELF = YES;
				CLANG_WARN_OBJC_LITERAL_CONVERSION = YES;
				CLANG_WARN_OBJC_ROOT_CLASS = YES_ERROR;
				CLANG_WARN_QUOTED_INCLUDE_IN_FRAMEWORK_HEADER = YES;
				CLANG_WARN_RANGE_LOOP_ANALYSIS = YES;
				CLANG_WARN_STRICT_PROTOTYPES = YES;
				CLANG_WARN_SUSPICIOUS_MOVE = YES;
				CLANG_WARN_UNGUARDED_AVAILABILITY = YES_AGGRESSIVE;
				CLANG_WARN_UNREACHABLE_CODE = YES;
				CLANG_WARN__DUPLICATE_METHOD_MATCH = YES;
				COPY_PHASE_STRIP = NO;
				DEBUG_INFORMATION_FORMAT = dwarf;
				ENABLE_STRICT_OBJC_MSGSEND = YES;
				ENABLE_TESTABILITY = YES;
				GCC_C_LANGUAGE_STANDARD = gnu11;
				GCC_DYNAMIC_NO_PIC = NO;
				GCC_NO_COMMON_BLOCKS = YES;
				GCC_OPTIMIZATION_LEVEL = 0;
				GCC_PREPROCESSOR_DEFINITIONS = (
					"DEBUG=1",
					"$(inherited)",
				);
				GCC_WARN_64_TO_32_BIT_CONVERSION = YES;
				GCC_WARN_ABOUT_RETURN_TYPE = YES_ERROR;
				GCC_WARN_UNDECLARED_SELECTOR = YES;
				GCC_WARN_UNINITIALIZED_AUTOS = YES_AGGRESSIVE;
				GCC_WARN_UNUSED_FUNCTION = YES;
				GCC_WARN_UNUSED_VARIABLE = YES;
				IPHONEOS_DEPLOYMENT_TARGET = 15.0;
				MTL_ENABLE_DEBUG_INFO = INCLUDE_SOURCE;
				MTL_FAST_MATH = YES;
				ONLY_ACTIVE_ARCH = YES;
				SDKROOT = iphoneos;
				SWIFT_ACTIVE_COMPILATION_CONDITIONS = DEBUG;
				SWIFT_OPTIMIZATION_LEVEL = "-Onone";
			};
			name = Debug;
		};
		BD7E2F5626760C60008D6B1A /* Release */ = {
			isa = XCBuildConfiguration;
			buildSettings = {
				ALWAYS_SEARCH_USER_PATHS = NO;
				CLANG_ANALYZER_NONNULL = YES;
				CLANG_ANALYZER_NUMBER_OBJECT_CONVERSION = YES_AGGRESSIVE;
				CLANG_CXX_LANGUAGE_STANDARD = "gnu++14";
				CLANG_CXX_LIBRARY = "libc++";
				CLANG_ENABLE_MODULES = YES;
				CLANG_ENABLE_OBJC_ARC = YES;
				CLANG_ENABLE_OBJC_WEAK = YES;
				CLANG_WARN_BLOCK_CAPTURE_AUTORELEASING = YES;
				CLANG_WARN_BOOL_CONVERSION = YES;
				CLANG_WARN_COMMA = YES;
				CLANG_WARN_CONSTANT_CONVERSION = YES;
				CLANG_WARN_DEPRECATED_OBJC_IMPLEMENTATIONS = YES;
				CLANG_WARN_DIRECT_OBJC_ISA_USAGE = YES_ERROR;
				CLANG_WARN_DOCUMENTATION_COMMENTS = YES;
				CLANG_WARN_EMPTY_BODY = YES;
				CLANG_WARN_ENUM_CONVERSION = YES;
				CLANG_WARN_INFINITE_RECURSION = YES;
				CLANG_WARN_INT_CONVERSION = YES;
				CLANG_WARN_NON_LITERAL_NULL_CONVERSION = YES;
				CLANG_WARN_OBJC_IMPLICIT_RETAIN_SELF = YES;
				CLANG_WARN_OBJC_LITERAL_CONVERSION = YES;
				CLANG_WARN_OBJC_ROOT_CLASS = YES_ERROR;
				CLANG_WARN_QUOTED_INCLUDE_IN_FRAMEWORK_HEADER = YES;
				CLANG_WARN_RANGE_LOOP_ANALYSIS = YES;
				CLANG_WARN_STRICT_PROTOTYPES = YES;
				CLANG_WARN_SUSPICIOUS_MOVE = YES;
				CLANG_WARN_UNGUARDED_AVAILABILITY = YES_AGGRESSIVE;
				CLANG_WARN_UNREACHABLE_CODE = YES;
				CLANG_WARN__DUPLICATE_METHOD_MATCH = YES;
				COPY_PHASE_STRIP = NO;
				DEBUG_INFORMATION_FORMAT = "dwarf-with-dsym";
				ENABLE_NS_ASSERTIONS = NO;
				ENABLE_STRICT_OBJC_MSGSEND = YES;
				GCC_C_LANGUAGE_STANDARD = gnu11;
				GCC_NO_COMMON_BLOCKS = YES;
				GCC_WARN_64_TO_32_BIT_CONVERSION = YES;
				GCC_WARN_ABOUT_RETURN_TYPE = YES_ERROR;
				GCC_WARN_UNDECLARED_SELECTOR = YES;
				GCC_WARN_UNINITIALIZED_AUTOS = YES_AGGRESSIVE;
				GCC_WARN_UNUSED_FUNCTION = YES;
				GCC_WARN_UNUSED_VARIABLE = YES;
				IPHONEOS_DEPLOYMENT_TARGET = 15.0;
				MTL_ENABLE_DEBUG_INFO = NO;
				MTL_FAST_MATH = YES;
				SDKROOT = iphoneos;
				SWIFT_COMPILATION_MODE = wholemodule;
				SWIFT_OPTIMIZATION_LEVEL = "-O";
				VALIDATE_PRODUCT = YES;
			};
			name = Release;
		};
		BD7E2F5826760C60008D6B1A /* Debug */ = {
			isa = XCBuildConfiguration;
			buildSettings = {
				ASSETCATALOG_COMPILER_APPICON_NAME = AppIcon;
				ASSETCATALOG_COMPILER_GLOBAL_ACCENT_COLOR_NAME = AccentColor;
				CODE_SIGN_STYLE = Automatic;
				CURRENT_PROJECT_VERSION = 1;
				DEVELOPMENT_ASSET_PATHS = "\"ShazamCustom/Preview Content\"";
				DEVELOPMENT_TEAM = 3JGXJ77W39;
				ENABLE_PREVIEWS = YES;
				GENERATE_INFOPLIST_FILE = YES;
				INFOPLIST_FILE = ShazamCustom/Info.plist;
				INFOPLIST_KEY_CFBundleExecutable = ShazamCustom;
				INFOPLIST_KEY_CFBundleName = ShazamCustom;
				INFOPLIST_KEY_CFBundleVersion = 1;
				INFOPLIST_KEY_UIApplicationSceneManifest_Generation = YES;
				INFOPLIST_KEY_UIApplicationSupportsIndirectInputEvents = YES;
				INFOPLIST_KEY_UILaunchScreen_Generation = YES;
				INFOPLIST_KEY_UISupportedInterfaceOrientations_iPad = "UIInterfaceOrientationPortrait UIInterfaceOrientationPortraitUpsideDown UIInterfaceOrientationLandscapeLeft UIInterfaceOrientationLandscapeRight";
				INFOPLIST_KEY_UISupportedInterfaceOrientations_iPhone = "UIInterfaceOrientationPortrait UIInterfaceOrientationLandscapeLeft UIInterfaceOrientationLandscapeRight";
				IPHONEOS_DEPLOYMENT_TARGET = 15.0;
				LD_RUNPATH_SEARCH_PATHS = (
					"$(inherited)",
					"@executable_path/Frameworks",
				);
				MARKETING_VERSION = 1.0;
				PRODUCT_BUNDLE_IDENTIFIER = OUC.hhh.ShazamCustom;
				PRODUCT_NAME = "$(TARGET_NAME)";
				SWIFT_EMIT_LOC_STRINGS = YES;
				SWIFT_VERSION = 5.0;
				TARGETED_DEVICE_FAMILY = "1,2";
			};
			name = Debug;
		};
		BD7E2F5926760C60008D6B1A /* Release */ = {
			isa = XCBuildConfiguration;
			buildSettings = {
				ASSETCATALOG_COMPILER_APPICON_NAME = AppIcon;
				ASSETCATALOG_COMPILER_GLOBAL_ACCENT_COLOR_NAME = AccentColor;
				CODE_SIGN_STYLE = Automatic;
				CURRENT_PROJECT_VERSION = 1;
				DEVELOPMENT_ASSET_PATHS = "\"ShazamCustom/Preview Content\"";
				DEVELOPMENT_TEAM = 3JGXJ77W39;
				ENABLE_PREVIEWS = YES;
				GENERATE_INFOPLIST_FILE = YES;
				INFOPLIST_FILE = ShazamCustom/Info.plist;
				INFOPLIST_KEY_CFBundleExecutable = ShazamCustom;
				INFOPLIST_KEY_CFBundleName = ShazamCustom;
				INFOPLIST_KEY_CFBundleVersion = 1;
				INFOPLIST_KEY_UIApplicationSceneManifest_Generation = YES;
				INFOPLIST_KEY_UIApplicationSupportsIndirectInputEvents = YES;
				INFOPLIST_KEY_UILaunchScreen_Generation = YES;
				INFOPLIST_KEY_UISupportedInterfaceOrientations_iPad = "UIInterfaceOrientationPortrait UIInterfaceOrientationPortraitUpsideDown UIInterfaceOrientationLandscapeLeft UIInterfaceOrientationLandscapeRight";
				INFOPLIST_KEY_UISupportedInterfaceOrientations_iPhone = "UIInterfaceOrientationPortrait UIInterfaceOrientationLandscapeLeft UIInterfaceOrientationLandscapeRight";
				IPHONEOS_DEPLOYMENT_TARGET = 15.0;
				LD_RUNPATH_SEARCH_PATHS = (
					"$(inherited)",
					"@executable_path/Frameworks",
				);
				MARKETING_VERSION = 1.0;
				PRODUCT_BUNDLE_IDENTIFIER = OUC.hhh.ShazamCustom;
				PRODUCT_NAME = "$(TARGET_NAME)";
				SWIFT_EMIT_LOC_STRINGS = YES;
				SWIFT_VERSION = 5.0;
				TARGETED_DEVICE_FAMILY = "1,2";
			};
			name = Release;
		};
/* End XCBuildConfiguration section */

/* Begin XCConfigurationList section */
		BD7E2F4426760C5E008D6B1A /* Build configuration list for PBXProject "ShazamCustom" */ = {
			isa = XCConfigurationList;
			buildConfigurations = (
				BD7E2F5526760C60008D6B1A /* Debug */,
				BD7E2F5626760C60008D6B1A /* Release */,
			);
			defaultConfigurationIsVisible = 0;
			defaultConfigurationName = Release;
		};
		BD7E2F5726760C60008D6B1A /* Build configuration list for PBXNativeTarget "ShazamCustom" */ = {
			isa = XCConfigurationList;
			buildConfigurations = (
				BD7E2F5826760C60008D6B1A /* Debug */,
				BD7E2F5926760C60008D6B1A /* Release */,
			);
			defaultConfigurationIsVisible = 0;
			defaultConfigurationName = Release;
		};
/* End XCConfigurationList section */
	};
	rootObject = BD7E2F4126760C5E008D6B1A /* Project object */;
}
